// !$*UTF8*$!
{
	archiveVersion = 1;
	classes = {
	};
	objectVersion = 46;
	objects = {

/* Begin PBXBuildFile section */
		18D5595F18447628009EF547 /* UIKit.framework in Frameworks */ = {isa = PBXBuildFile; fileRef = 18D5595E18447628009EF547 /* UIKit.framework */; };
		18D5596118447628009EF547 /* Foundation.framework in Frameworks */ = {isa = PBXBuildFile; fileRef = 18D5596018447628009EF547 /* Foundation.framework */; };
		18D5596318447628009EF547 /* CoreGraphics.framework in Frameworks */ = {isa = PBXBuildFile; fileRef = 18D5596218447628009EF547 /* CoreGraphics.framework */; };
		18D5596918447628009EF547 /* InfoPlist.strings in Resources */ = {isa = PBXBuildFile; fileRef = 18D5596718447628009EF547 /* InfoPlist.strings */; };
		18D5596B18447628009EF547 /* main.m in Sources */ = {isa = PBXBuildFile; fileRef = 18D5596A18447628009EF547 /* main.m */; };
		18D5596F18447628009EF547 /* AppDelegate.m in Sources */ = {isa = PBXBuildFile; fileRef = 18D5596E18447628009EF547 /* AppDelegate.m */; };
		18D5597118447628009EF547 /* Default.png in Resources */ = {isa = PBXBuildFile; fileRef = 18D5597018447628009EF547 /* Default.png */; };
		18D5597318447628009EF547 /* Default@2x.png in Resources */ = {isa = PBXBuildFile; fileRef = 18D5597218447628009EF547 /* Default@2x.png */; };
		18D5597518447629009EF547 /* Default-568h@2x.png in Resources */ = {isa = PBXBuildFile; fileRef = 18D5597418447628009EF547 /* Default-568h@2x.png */; };
		18D5597818447629009EF547 /* ViewController.m in Sources */ = {isa = PBXBuildFile; fileRef = 18D5597718447629009EF547 /* ViewController.m */; };
		18D5597B18447629009EF547 /* ViewController.xib in Resources */ = {isa = PBXBuildFile; fileRef = 18D5597918447629009EF547 /* ViewController.xib */; };
/* End PBXBuildFile section */

/* Begin PBXFileReference section */
		18D5595A18447628009EF547 /* fd.app */ = {isa = PBXFileReference; explicitFileType = wrapper.application; includeInIndex = 0; path = fd.app; sourceTree = BUILT_PRODUCTS_DIR; };
		18D5595E18447628009EF547 /* UIKit.framework */ = {isa = PBXFileReference; lastKnownFileType = wrapper.framework; name = UIKit.framework; path = System/Library/Frameworks/UIKit.framework; sourceTree = SDKROOT; };
		18D5596018447628009EF547 /* Foundation.framework */ = {isa = PBXFileReference; lastKnownFileType = wrapper.framework; name = Foundation.framework; path = System/Library/Frameworks/Foundation.framework; sourceTree = SDKROOT; };
		18D5596218447628009EF547 /* CoreGraphics.framework */ = {isa = PBXFileReference; lastKnownFileType = wrapper.framework; name = CoreGraphics.framework; path = System/Library/Frameworks/CoreGraphics.framework; sourceTree = SDKROOT; };
		18D5596618447628009EF547 /* fd-Info.plist */ = {isa = PBXFileReference; lastKnownFileType = text.plist.xml; path = "fd-Info.plist"; sourceTree = "<group>"; };
		18D5596818447628009EF547 /* en */ = {isa = PBXFileReference; lastKnownFileType = text.plist.strings; name = en; path = en.lproj/InfoPlist.strings; sourceTree = "<group>"; };
		18D5596A18447628009EF547 /* main.m */ = {isa = PBXFileReference; lastKnownFileType = sourcecode.c.objc; path = main.m; sourceTree = "<group>"; };
		18D5596C18447628009EF547 /* fd-Prefix.pch */ = {isa = PBXFileReference; lastKnownFileType = sourcecode.c.h; path = "fd-Prefix.pch"; sourceTree = "<group>"; };
		18D5596D18447628009EF547 /* AppDelegate.h */ = {isa = PBXFileReference; lastKnownFileType = sourcecode.c.h; path = AppDelegate.h; sourceTree = "<group>"; };
		18D5596E18447628009EF547 /* AppDelegate.m */ = {isa = PBXFileReference; lastKnownFileType = sourcecode.c.objc; path = AppDelegate.m; sourceTree = "<group>"; };
		18D5597018447628009EF547 /* Default.png */ = {isa = PBXFileReference; lastKnownFileType = image.png; path = Default.png; sourceTree = "<group>"; };
		18D5597218447628009EF547 /* Default@2x.png */ = {isa = PBXFileReference; lastKnownFileType = image.png; path = "Default@2x.png"; sourceTree = "<group>"; };
		18D5597418447628009EF547 /* Default-568h@2x.png */ = {isa = PBXFileReference; lastKnownFileType = image.png; path = "Default-568h@2x.png"; sourceTree = "<group>"; };
		18D5597618447629009EF547 /* ViewController.h */ = {isa = PBXFileReference; lastKnownFileType = sourcecode.c.h; path = ViewController.h; sourceTree = "<group>"; };
		18D5597718447629009EF547 /* ViewController.m */ = {isa = PBXFileReference; lastKnownFileType = sourcecode.c.objc; path = ViewController.m; sourceTree = "<group>"; };
		18D5597A18447629009EF547 /* en */ = {isa = PBXFileReference; lastKnownFileType = file.xib; name = en; path = en.lproj/ViewController.xib; sourceTree = "<group>"; };
/* End PBXFileReference section */

/* Begin PBXFrameworksBuildPhase section */
		18D5595718447628009EF547 /* Frameworks */ = {
			isa = PBXFrameworksBuildPhase;
			buildActionMask = 2147483647;
			files = (
				18D5595F18447628009EF547 /* UIKit.framework in Frameworks */,
				18D5596118447628009EF547 /* Foundation.framework in Frameworks */,
				18D5596318447628009EF547 /* CoreGraphics.framework in Frameworks */,
			);
			runOnlyForDeploymentPostprocessing = 0;
		};
/* End PBXFrameworksBuildPhase section */

/* Begin PBXGroup section */
		18D5594F18447628009EF547 = {
			isa = PBXGroup;
			children = (
				18D5596418447628009EF547 /* fd */,
				18D5595D18447628009EF547 /* Frameworks */,
				18D5595B18447628009EF547 /* Products */,
			);
			sourceTree = "<group>";
		};
		18D5595B18447628009EF547 /* Products */ = {
			isa = PBXGroup;
			children = (
				18D5595A18447628009EF547 /* fd.app */,
			);
			name = Products;
			sourceTree = "<group>";
		};
		18D5595D18447628009EF547 /* Frameworks */ = {
			isa = PBXGroup;
			children = (
				18D5595E18447628009EF547 /* UIKit.framework */,
				18D5596018447628009EF547 /* Foundation.framework */,
				18D5596218447628009EF547 /* CoreGraphics.framework */,
			);
			name = Frameworks;
			sourceTree = "<group>";
		};
		18D5596418447628009EF547 /* fd */ = {
			isa = PBXGroup;
			children = (
				18D5596D18447628009EF547 /* AppDelegate.h */,
				18D5596E18447628009EF547 /* AppDelegate.m */,
				18D5597618447629009EF547 /* ViewController.h */,
				18D5597718447629009EF547 /* ViewController.m */,
				18D5597918447629009EF547 /* ViewController.xib */,
				18D5596518447628009EF547 /* Supporting Files */,
			);
			path = fd;
			sourceTree = "<group>";
		};
		18D5596518447628009EF547 /* Supporting Files */ = {
			isa = PBXGroup;
			children = (
				18D5596618447628009EF547 /* fd-Info.plist */,
				18D5596718447628009EF547 /* InfoPlist.strings */,
				18D5596A18447628009EF547 /* main.m */,
				18D5596C18447628009EF547 /* fd-Prefix.pch */,
				18D5597018447628009EF547 /* Default.png */,
				18D5597218447628009EF547 /* Default@2x.png */,
				18D5597418447628009EF547 /* Default-568h@2x.png */,
			);
			name = "Supporting Files";
			sourceTree = "<group>";
		};
/* End PBXGroup section */

/* Begin PBXNativeTarget section */
		18D5595918447628009EF547 /* fd */ = {
			isa = PBXNativeTarget;
			buildConfigurationList = 18D5597E18447629009EF547 /* Build configuration list for PBXNativeTarget "fd" */;
			buildPhases = (
				18D5595618447628009EF547 /* Sources */,
				18D5595718447628009EF547 /* Frameworks */,
				18D5595818447628009EF547 /* Resources */,
			);
			buildRules = (
			);
			dependencies = (
			);
			name = fd;
			productName = fd;
			productReference = 18D5595A18447628009EF547 /* fd.app */;
			productType = "com.apple.product-type.application";
		};
/* End PBXNativeTarget section */

/* Begin PBXProject section */
		18D5595118447628009EF547 /* Project object */ = {
			isa = PBXProject;
			attributes = {
				LastUpgradeCheck = 0450;
				ORGANIZATIONNAME = lihu;
			};
			buildConfigurationList = 18D5595418447628009EF547 /* Build configuration list for PBXProject "fd" */;
			compatibilityVersion = "Xcode 3.2";
			developmentRegion = English;
			hasScannedForEncodings = 0;
			knownRegions = (
				en,
			);
			mainGroup = 18D5594F18447628009EF547;
			productRefGroup = 18D5595B18447628009EF547 /* Products */;
			projectDirPath = "";
			projectRoot = "";
			targets = (
				18D5595918447628009EF547 /* fd */,
			);
		};
/* End PBXProject section */

/* Begin PBXResourcesBuildPhase section */
		18D5595818447628009EF547 /* Resources */ = {
			isa = PBXResourcesBuildPhase;
			buildActionMask = 2147483647;
			files = (
				18D5596918447628009EF547 /* InfoPlist.strings in Resources */,
				18D5597118447628009EF547 /* Default.png in Resources */,
				18D5597318447628009EF547 /* Default@2x.png in Resources */,
				18D5597518447629009EF547 /* Default-568h@2x.png in Resources */,
				18D5597B18447629009EF547 /* ViewController.xib in Resources */,
			);
			runOnlyForDeploymentPostprocessing = 0;
		};
/* End PBXResourcesBuildPhase section */

/* Begin PBXSourcesBuildPhase section */
		18D5595618447628009EF547 /* Sources */ = {
			isa = PBXSourcesBuildPhase;
			buildActionMask = 2147483647;
			files = (
				18D5596B18447628009EF547 /* main.m in Sources */,
				18D5596F18447628009EF547 /* AppDelegate.m in Sources */,
				18D5597818447629009EF547 /* ViewController.m in Sources */,
			);
			runOnlyForDeploymentPostprocessing = 0;
		};
/* End PBXSourcesBuildPhase section */

/* Begin PBXVariantGroup section */
		18D5596718447628009EF547 /* InfoPlist.strings */ = {
			isa = PBXVariantGroup;
			children = (
				18D5596818447628009EF547 /* en */,
			);
			name = InfoPlist.strings;
			sourceTree = "<group>";
		};
		18D5597918447629009EF547 /* ViewController.xib */ = {
			isa = PBXVariantGroup;
			children = (
				18D5597A18447629009EF547 /* en */,
			);
			name = ViewController.xib;
			sourceTree = "<group>";
		};
/* End PBXVariantGroup section */

/* Begin XCBuildConfiguration section */
		18D5597C18447629009EF547 /* Debug */ = {
			isa = XCBuildConfiguration;
			buildSettings = {
				ALWAYS_SEARCH_USER_PATHS = NO;
				CLANG_CXX_LANGUAGE_STANDARD = "gnu++0x";
				CLANG_CXX_LIBRARY = "libc++";
				CLANG_ENABLE_OBJC_ARC = YES;
				CLANG_WARN_EMPTY_BODY = YES;
				CLANG_WARN__DUPLICATE_METHOD_MATCH = YES;
				"CODE_SIGN_IDENTITY[sdk=iphoneos*]" = "iPhone Developer";
				COPY_PHASE_STRIP = NO;
				GCC_C_LANGUAGE_STANDARD = gnu99;
				GCC_DYNAMIC_NO_PIC = NO;
				GCC_OPTIMIZATION_LEVEL = 0;
				GCC_PREPROCESSOR_DEFINITIONS = (
					"DEBUG=1",
					"$(inherited)",
				);
				GCC_SYMBOLS_PRIVATE_EXTERN = NO;
				GCC_WARN_ABOUT_RETURN_TYPE = YES;
				GCC_WARN_UNINITIALIZED_AUTOS = YES;
				GCC_WARN_UNUSED_VARIABLE = YES;
				IPHONEOS_DEPLOYMENT_TARGET = 6.0;
				ONLY_ACTIVE_ARCH = YES;
				SDKROOT = iphoneos;
			};
			name = Debug;
		};
		18D5597D18447629009EF547 /* Release */ = {
			isa = XCBuildConfiguration;
			buildSettings = {
				ALWAYS_SEARCH_USER_PATHS = NO;
				CLANG_CXX_LANGUAGE_STANDARD = "gnu++0x";
				CLANG_CXX_LIBRARY = "libc++";
				CLANG_ENABLE_OBJC_ARC = YES;
				CLANG_WARN_EMPTY_BODY = YES;
				CLANG_WARN__DUPLICATE_METHOD_MATCH = YES;
				"CODE_SIGN_IDENTITY[sdk=iphoneos*]" = "iPhone Developer";
				COPY_PHASE_STRIP = YES;
				GCC_C_LANGUAGE_STANDARD = gnu99;
				GCC_WARN_ABOUT_RETURN_TYPE = YES;
				GCC_WARN_UNINITIALIZED_AUTOS = YES;
				GCC_WARN_UNUSED_VARIABLE = YES;
				IPHONEOS_DEPLOYMENT_TARGET = 6.0;
				OTHER_CFLAGS = "-DNS_BLOCK_ASSERTIONS=1";
				SDKROOT = iphoneos;
				VALIDATE_PRODUCT = YES;
			};
			name = Release;
		};
		18D5597F18447629009EF547 /* Debug */ = {
			isa = XCBuildConfiguration;
			buildSettings = {
				GCC_PRECOMPILE_PREFIX_HEADER = YES;
				GCC_PREFIX_HEADER = "fd/fd-Prefix.pch";
				INFOPLIST_FILE = "fd/fd-Info.plist";
				PRODUCT_NAME = "$(TARGET_NAME)";
				WRAPPER_EXTENSION = app;
			};
			name = Debug;
		};
		18D5598018447629009EF547 /* Release */ = {
			isa = XCBuildConfiguration;
			buildSettings = {
				GCC_PRECOMPILE_PREFIX_HEADER = YES;
				GCC_PREFIX_HEADER = "fd/fd-Prefix.pch";
				INFOPLIST_FILE = "fd/fd-Info.plist";
				PRODUCT_NAME = "$(TARGET_NAME)";
				WRAPPER_EXTENSION = app;
			};
			name = Release;
		};
/* End XCBuildConfiguration section */

/* Begin XCConfigurationList section */
		18D5595418447628009EF547 /* Build configuration list for PBXProject "fd" */ = {
			isa = XCConfigurationList;
			buildConfigurations = (
				18D5597C18447629009EF547 /* Debug */,
				18D5597D18447629009EF547 /* Release */,
			);
			defaultConfigurationIsVisible = 0;
			defaultConfigurationName = Release;
		};
		18D5597E18447629009EF547 /* Build configuration list for PBXNativeTarget "fd" */ = {
			isa = XCConfigurationList;
			buildConfigurations = (
				18D5597F18447629009EF547 /* Debug */,
				18D5598018447629009EF547 /* Release */,
			);
			defaultConfigurationIsVisible = 0;
		};
/* End XCConfigurationList section */
	};
	rootObject = 18D5595118447628009EF547 /* Project object */;
}
